
Microsoft Visual Studio Solution File, Format Version 12.00
# Visual Studio Version 17
VisualStudioVersion = 17.0.31903.59
MinimumVisualStudioVersion = 10.0.40219.1
Project("{2150E333-8FDC-42A3-9474-1A3956D46DE8}") = "src", "src", "{29B555F6-45B1-462C-BF40-8EDD82A4924E}"
EndProject
Project("{FAE04EC0-301F-11D3-BF4B-00C04F79EFBC}") = "AuctionService", "src\AuctionService\AuctionService.csproj", "{7D209E67-ADB0-46BD-9708-798A09CC712B}"
EndProject
Global
	GlobalSection(SolutionConfigurationPlatforms) = preSolution
		Debug|Any CPU = Debug|Any CPU
		Release|Any CPU = Release|Any CPU
	EndGlobalSection
	GlobalSection(SolutionProperties) = preSolution
		HideSolutionNode = FALSE
	EndGlobalSection
	GlobalSection(ProjectConfigurationPlatforms) = postSolution
		{7D209E67-ADB0-46BD-9708-798A09CC712B}.Debug|Any CPU.ActiveCfg = Debug|Any CPU
		{7D209E67-ADB0-46BD-9708-798A09CC712B}.Debug|Any CPU.Build.0 = Debug|Any CPU
		{7D209E67-ADB0-46BD-9708-798A09CC712B}.Release|Any CPU.ActiveCfg = Release|Any CPU
		{7D209E67-ADB0-46BD-9708-798A09CC712B}.Release|Any CPU.Build.0 = Release|Any CPU
	EndGlobalSection
	GlobalSection(NestedProjects) = preSolution
		{7D209E67-ADB0-46BD-9708-798A09CC712B} = {29B555F6-45B1-462C-BF40-8EDD82A4924E}
	EndGlobalSection
EndGlobal
